// !$*UTF8*$!
{
	archiveVersion = 1;
	classes = {
	};
	objectVersion = 55;
	objects = {

/* Begin PBXBuildFile section */
		536753B6272012510009CED8 /* DemoCitrixMamApp.swift in Sources */ = {isa = PBXBuildFile; fileRef = 536753B5272012510009CED8 /* DemoCitrixMamApp.swift */; };
		536753B8272012510009CED8 /* ContentView.swift in Sources */ = {isa = PBXBuildFile; fileRef = 536753B7272012510009CED8 /* ContentView.swift */; };
		536753BA272012520009CED8 /* Assets.xcassets in Resources */ = {isa = PBXBuildFile; fileRef = 536753B9272012520009CED8 /* Assets.xcassets */; };
		536753BD272012520009CED8 /* Preview Assets.xcassets in Resources */ = {isa = PBXBuildFile; fileRef = 536753BC272012520009CED8 /* Preview Assets.xcassets */; };
		536753CB272012AB0009CED8 /* CitrixLogger.xcframework in Frameworks */ = {isa = PBXBuildFile; fileRef = 536753C4272012AB0009CED8 /* CitrixLogger.xcframework */; };
		536753CC272012AB0009CED8 /* CitrixLogger.xcframework in Embed Frameworks */ = {isa = PBXBuildFile; fileRef = 536753C4272012AB0009CED8 /* CitrixLogger.xcframework */; settings = {ATTRIBUTES = (CodeSignOnCopy, RemoveHeadersOnCopy, ); }; };
		536753CD272012AB0009CED8 /* CTXMAMNetwork.xcframework in Frameworks */ = {isa = PBXBuildFile; fileRef = 536753C5272012AB0009CED8 /* CTXMAMNetwork.xcframework */; };
		536753CE272012AB0009CED8 /* CTXMAMNetwork.xcframework in Embed Frameworks */ = {isa = PBXBuildFile; fileRef = 536753C5272012AB0009CED8 /* CTXMAMNetwork.xcframework */; settings = {ATTRIBUTES = (CodeSignOnCopy, RemoveHeadersOnCopy, ); }; };
		536753CF272012AB0009CED8 /* CTXMAMCore.xcframework in Frameworks */ = {isa = PBXBuildFile; fileRef = 536753C6272012AB0009CED8 /* CTXMAMCore.xcframework */; };
		536753D0272012AB0009CED8 /* CTXMAMCore.xcframework in Embed Frameworks */ = {isa = PBXBuildFile; fileRef = 536753C6272012AB0009CED8 /* CTXMAMCore.xcframework */; settings = {ATTRIBUTES = (CodeSignOnCopy, RemoveHeadersOnCopy, ); }; };
		536753D1272012AB0009CED8 /* CTXMAMCompliance.xcframework in Frameworks */ = {isa = PBXBuildFile; fileRef = 536753C7272012AB0009CED8 /* CTXMAMCompliance.xcframework */; };
		536753D2272012AB0009CED8 /* CTXMAMCompliance.xcframework in Embed Frameworks */ = {isa = PBXBuildFile; fileRef = 536753C7272012AB0009CED8 /* CTXMAMCompliance.xcframework */; settings = {ATTRIBUTES = (CodeSignOnCopy, RemoveHeadersOnCopy, ); }; };
		536753D3272012AB0009CED8 /* CTXMAMContainment.xcframework in Frameworks */ = {isa = PBXBuildFile; fileRef = 536753C8272012AB0009CED8 /* CTXMAMContainment.xcframework */; };
		536753D4272012AB0009CED8 /* CTXMAMContainment.xcframework in Embed Frameworks */ = {isa = PBXBuildFile; fileRef = 536753C8272012AB0009CED8 /* CTXMAMContainment.xcframework */; settings = {ATTRIBUTES = (CodeSignOnCopy, RemoveHeadersOnCopy, ); }; };
		536753D5272012AB0009CED8 /* CTXMAMLocalAuth.xcframework in Frameworks */ = {isa = PBXBuildFile; fileRef = 536753C9272012AB0009CED8 /* CTXMAMLocalAuth.xcframework */; };
		536753D6272012AB0009CED8 /* CTXMAMLocalAuth.xcframework in Embed Frameworks */ = {isa = PBXBuildFile; fileRef = 536753C9272012AB0009CED8 /* CTXMAMLocalAuth.xcframework */; settings = {ATTRIBUTES = (CodeSignOnCopy, RemoveHeadersOnCopy, ); }; };
		536753D7272012AB0009CED8 /* CTXMAMAppCore.xcframework in Frameworks */ = {isa = PBXBuildFile; fileRef = 536753CA272012AB0009CED8 /* CTXMAMAppCore.xcframework */; };
		536753D8272012AB0009CED8 /* CTXMAMAppCore.xcframework in Embed Frameworks */ = {isa = PBXBuildFile; fileRef = 536753CA272012AB0009CED8 /* CTXMAMAppCore.xcframework */; settings = {ATTRIBUTES = (CodeSignOnCopy, RemoveHeadersOnCopy, ); }; };
/* End PBXBuildFile section */

/* Begin PBXCopyFilesBuildPhase section */
		536753D9272012AB0009CED8 /* Embed Frameworks */ = {
			isa = PBXCopyFilesBuildPhase;
			buildActionMask = 2147483647;
			dstPath = "";
			dstSubfolderSpec = 10;
			files = (
				536753D2272012AB0009CED8 /* CTXMAMCompliance.xcframework in Embed Frameworks */,
				536753D8272012AB0009CED8 /* CTXMAMAppCore.xcframework in Embed Frameworks */,
				536753D6272012AB0009CED8 /* CTXMAMLocalAuth.xcframework in Embed Frameworks */,
				536753D0272012AB0009CED8 /* CTXMAMCore.xcframework in Embed Frameworks */,
				536753CE272012AB0009CED8 /* CTXMAMNetwork.xcframework in Embed Frameworks */,
				536753CC272012AB0009CED8 /* CitrixLogger.xcframework in Embed Frameworks */,
				536753D4272012AB0009CED8 /* CTXMAMContainment.xcframework in Embed Frameworks */,
			);
			name = "Embed Frameworks";
			runOnlyForDeploymentPostprocessing = 0;
		};
/* End PBXCopyFilesBuildPhase section */

/* Begin PBXFileReference section */
		536753B2272012510009CED8 /* DemoCitrixMam.app */ = {isa = PBXFileReference; explicitFileType = wrapper.application; includeInIndex = 0; path = DemoCitrixMam.app; sourceTree = BUILT_PRODUCTS_DIR; };
		536753B5272012510009CED8 /* DemoCitrixMamApp.swift */ = {isa = PBXFileReference; lastKnownFileType = sourcecode.swift; path = DemoCitrixMamApp.swift; sourceTree = "<group>"; };
		536753B7272012510009CED8 /* ContentView.swift */ = {isa = PBXFileReference; lastKnownFileType = sourcecode.swift; path = ContentView.swift; sourceTree = "<group>"; };
		536753B9272012520009CED8 /* Assets.xcassets */ = {isa = PBXFileReference; lastKnownFileType = folder.assetcatalog; path = Assets.xcassets; sourceTree = "<group>"; };
		536753BC272012520009CED8 /* Preview Assets.xcassets */ = {isa = PBXFileReference; lastKnownFileType = folder.assetcatalog; path = "Preview Assets.xcassets"; sourceTree = "<group>"; };
		536753C4272012AB0009CED8 /* CitrixLogger.xcframework */ = {isa = PBXFileReference; lastKnownFileType = wrapper.xcframework; name = CitrixLogger.xcframework; path = DemoCitrixMam/CitrixMam/Frameworks/CitrixLogger.xcframework; sourceTree = "<group>"; };
		536753C5272012AB0009CED8 /* CTXMAMNetwork.xcframework */ = {isa = PBXFileReference; lastKnownFileType = wrapper.xcframework; name = CTXMAMNetwork.xcframework; path = DemoCitrixMam/CitrixMam/Frameworks/CTXMAMNetwork.xcframework; sourceTree = "<group>"; };
		536753C6272012AB0009CED8 /* CTXMAMCore.xcframework */ = {isa = PBXFileReference; lastKnownFileType = wrapper.xcframework; name = CTXMAMCore.xcframework; path = DemoCitrixMam/CitrixMam/Frameworks/CTXMAMCore.xcframework; sourceTree = "<group>"; };
		536753C7272012AB0009CED8 /* CTXMAMCompliance.xcframework */ = {isa = PBXFileReference; lastKnownFileType = wrapper.xcframework; name = CTXMAMCompliance.xcframework; path = DemoCitrixMam/CitrixMam/Frameworks/CTXMAMCompliance.xcframework; sourceTree = "<group>"; };
		536753C8272012AB0009CED8 /* CTXMAMContainment.xcframework */ = {isa = PBXFileReference; lastKnownFileType = wrapper.xcframework; name = CTXMAMContainment.xcframework; path = DemoCitrixMam/CitrixMam/Frameworks/CTXMAMContainment.xcframework; sourceTree = "<group>"; };
		536753C9272012AB0009CED8 /* CTXMAMLocalAuth.xcframework */ = {isa = PBXFileReference; lastKnownFileType = wrapper.xcframework; name = CTXMAMLocalAuth.xcframework; path = DemoCitrixMam/CitrixMam/Frameworks/CTXMAMLocalAuth.xcframework; sourceTree = "<group>"; };
		536753CA272012AB0009CED8 /* CTXMAMAppCore.xcframework */ = {isa = PBXFileReference; lastKnownFileType = wrapper.xcframework; name = CTXMAMAppCore.xcframework; path = DemoCitrixMam/CitrixMam/Frameworks/CTXMAMAppCore.xcframework; sourceTree = "<group>"; };
		536753DA272012D10009CED8 /* DemoCitrixMam-Bridging-Header.h */ = {isa = PBXFileReference; lastKnownFileType = sourcecode.c.h; path = "DemoCitrixMam-Bridging-Header.h"; sourceTree = "<group>"; };
		536753DB272012FA0009CED8 /* Info.plist */ = {isa = PBXFileReference; lastKnownFileType = text.plist; path = Info.plist; sourceTree = "<group>"; };
		536753DC2720132E0009CED8 /* DemoCitrixMam.entitlements */ = {isa = PBXFileReference; lastKnownFileType = text.plist.entitlements; path = DemoCitrixMam.entitlements; sourceTree = "<group>"; };
/* End PBXFileReference section */

/* Begin PBXFrameworksBuildPhase section */
		536753AF272012510009CED8 /* Frameworks */ = {
			isa = PBXFrameworksBuildPhase;
			buildActionMask = 2147483647;
			files = (
				536753D1272012AB0009CED8 /* CTXMAMCompliance.xcframework in Frameworks */,
				536753D7272012AB0009CED8 /* CTXMAMAppCore.xcframework in Frameworks */,
				536753D5272012AB0009CED8 /* CTXMAMLocalAuth.xcframework in Frameworks */,
				536753CF272012AB0009CED8 /* CTXMAMCore.xcframework in Frameworks */,
				536753CD272012AB0009CED8 /* CTXMAMNetwork.xcframework in Frameworks */,
				536753CB272012AB0009CED8 /* CitrixLogger.xcframework in Frameworks */,
				536753D3272012AB0009CED8 /* CTXMAMContainment.xcframework in Frameworks */,
			);
			runOnlyForDeploymentPostprocessing = 0;
		};
/* End PBXFrameworksBuildPhase section */

/* Begin PBXGroup section */
		536753A9272012510009CED8 = {
			isa = PBXGroup;
			children = (
				536753B4272012510009CED8 /* DemoCitrixMam */,
				536753B3272012510009CED8 /* Products */,
				536753C3272012AB0009CED8 /* Frameworks */,
			);
			sourceTree = "<group>";
		};
		536753B3272012510009CED8 /* Products */ = {
			isa = PBXGroup;
			children = (
				536753B2272012510009CED8 /* DemoCitrixMam.app */,
			);
			name = Products;
			sourceTree = "<group>";
		};
		536753B4272012510009CED8 /* DemoCitrixMam */ = {
			isa = PBXGroup;
			children = (
				536753DC2720132E0009CED8 /* DemoCitrixMam.entitlements */,
				536753DB272012FA0009CED8 /* Info.plist */,
				536753B5272012510009CED8 /* DemoCitrixMamApp.swift */,
				536753B7272012510009CED8 /* ContentView.swift */,
				536753DA272012D10009CED8 /* DemoCitrixMam-Bridging-Header.h */,
				536753B9272012520009CED8 /* Assets.xcassets */,
				536753BB272012520009CED8 /* Preview Content */,
			);
			path = DemoCitrixMam;
			sourceTree = "<group>";
		};
		536753BB272012520009CED8 /* Preview Content */ = {
			isa = PBXGroup;
			children = (
				536753BC272012520009CED8 /* Preview Assets.xcassets */,
			);
			path = "Preview Content";
			sourceTree = "<group>";
		};
		536753C3272012AB0009CED8 /* Frameworks */ = {
			isa = PBXGroup;
			children = (
				536753C4272012AB0009CED8 /* CitrixLogger.xcframework */,
				536753CA272012AB0009CED8 /* CTXMAMAppCore.xcframework */,
				536753C7272012AB0009CED8 /* CTXMAMCompliance.xcframework */,
				536753C8272012AB0009CED8 /* CTXMAMContainment.xcframework */,
				536753C6272012AB0009CED8 /* CTXMAMCore.xcframework */,
				536753C9272012AB0009CED8 /* CTXMAMLocalAuth.xcframework */,
				536753C5272012AB0009CED8 /* CTXMAMNetwork.xcframework */,
			);
			name = Frameworks;
			sourceTree = "<group>";
		};
/* End PBXGroup section */

/* Begin PBXNativeTarget section */
		536753B1272012510009CED8 /* DemoCitrixMam */ = {
			isa = PBXNativeTarget;
			buildConfigurationList = 536753C0272012520009CED8 /* Build configuration list for PBXNativeTarget "DemoCitrixMam" */;
			buildPhases = (
				536753AE272012510009CED8 /* Sources */,
				536753AF272012510009CED8 /* Frameworks */,
				536753B0272012510009CED8 /* Resources */,
				536753D9272012AB0009CED8 /* Embed Frameworks */,
				536753DD272013720009CED8 /* Create MDX file */,
			);
			buildRules = (
			);
			dependencies = (
			);
			name = DemoCitrixMam;
			productName = DemoCitrixMam;
			productReference = 536753B2272012510009CED8 /* DemoCitrixMam.app */;
			productType = "com.apple.product-type.application";
		};
/* End PBXNativeTarget section */

/* Begin PBXProject section */
		536753AA272012510009CED8 /* Project object */ = {
			isa = PBXProject;
			attributes = {
				BuildIndependentTargetsInParallel = 1;
				LastSwiftUpdateCheck = 1300;
				LastUpgradeCheck = 1300;
				TargetAttributes = {
					536753B1272012510009CED8 = {
						CreatedOnToolsVersion = 13.0;
					};
				};
			};
			buildConfigurationList = 536753AD272012510009CED8 /* Build configuration list for PBXProject "DemoCitrixMam" */;
			compatibilityVersion = "Xcode 13.0";
			developmentRegion = en;
			hasScannedForEncodings = 0;
			knownRegions = (
				en,
				Base,
			);
			mainGroup = 536753A9272012510009CED8;
			productRefGroup = 536753B3272012510009CED8 /* Products */;
			projectDirPath = "";
			projectRoot = "";
			targets = (
				536753B1272012510009CED8 /* DemoCitrixMam */,
			);
		};
/* End PBXProject section */

/* Begin PBXResourcesBuildPhase section */
		536753B0272012510009CED8 /* Resources */ = {
			isa = PBXResourcesBuildPhase;
			buildActionMask = 2147483647;
			files = (
				536753BD272012520009CED8 /* Preview Assets.xcassets in Resources */,
				536753BA272012520009CED8 /* Assets.xcassets in Resources */,
			);
			runOnlyForDeploymentPostprocessing = 0;
		};
/* End PBXResourcesBuildPhase section */

/* Begin PBXShellScriptBuildPhase section */
		536753DD272013720009CED8 /* Create MDX file */ = {
			isa = PBXShellScriptBuildPhase;
			buildActionMask = 2147483647;
			files = (
			);
			inputFileListPaths = (
			);
			inputPaths = (
			);
			name = "Create MDX file";
			outputFileListPaths = (
			);
			outputPaths = (
			);
			runOnlyForDeploymentPostprocessing = 0;
			shellPath = /bin/sh;
			shellScript = "\nexport STOREURL=\"http://yourstore.yourdomain.com\"\nexport APPTYPE=\"sdkapp\"\nexport PACKAGEID=\"3875D9A3-29F6-4E7F-AD46-54275785563F\"\nexport APPIDPREFIX=\"0123456789\"\nexport TOOLKIT_DIR=\"$PROJECT_DIR/$PROJECT/CitrixMam/Tools\"\n\nif [ -z \"${PACKAGEID}\" ]\nthen\n    echo \"PACKAGEID variable was not found or was empty, please run uuidgen at the command line and paste the output value in the PACKAGEID variable in your post build script.\"\n    exit 1\nfi\n\nif [ -z \"${APPIDPREFIX}\" ]\nthen\n    echo \"APPIDPREFIX variable was not found or was empty, please refer to the \\\"how to\\\" document located in the documentation folder of the SDK package on where to find your Apple's application prefix ID.\"\n    exit 1\nfi\n\nif [ ! -d $TOOLKIT_DIR/logs ]\nthen\n    mkdir $TOOLKIT_DIR/logs\nfi\n\n\"$TOOLKIT_DIR/CGAppCLPrepTool\" SdkPrep -in \"$CONFIGURATION_BUILD_DIR/$EXECUTABLE_FOLDER_PATH\" -out \"$CONFIGURATION_BUILD_DIR/$EXECUTABLE_NAME.mdx\" -storeURL \"${STOREURL}\" -appType \"${APPTYPE}\" -packageId \"${PACKAGEID}\" -entitlements \"$SRCROOT/$PROJECT/$PROJECT.entitlements\" -appIdPrefix \"${APPIDPREFIX}\" -minPlatform \"9.0\"\n";
		};
/* End PBXShellScriptBuildPhase section */

/* Begin PBXSourcesBuildPhase section */
		536753AE272012510009CED8 /* Sources */ = {
			isa = PBXSourcesBuildPhase;
			buildActionMask = 2147483647;
			files = (
				536753B8272012510009CED8 /* ContentView.swift in Sources */,
				536753B6272012510009CED8 /* DemoCitrixMamApp.swift in Sources */,
			);
			runOnlyForDeploymentPostprocessing = 0;
		};
/* End PBXSourcesBuildPhase section */

/* Begin XCBuildConfiguration section */
		536753BE272012520009CED8 /* Debug */ = {
			isa = XCBuildConfiguration;
			buildSettings = {
				ALWAYS_SEARCH_USER_PATHS = NO;
				CLANG_ANALYZER_NONNULL = YES;
				CLANG_ANALYZER_NUMBER_OBJECT_CONVERSION = YES_AGGRESSIVE;
				CLANG_CXX_LANGUAGE_STANDARD = "gnu++17";
				CLANG_CXX_LIBRARY = "libc++";
				CLANG_ENABLE_MODULES = YES;
				CLANG_ENABLE_OBJC_ARC = YES;
				CLANG_ENABLE_OBJC_WEAK = YES;
				CLANG_WARN_BLOCK_CAPTURE_AUTORELEASING = YES;
				CLANG_WARN_BOOL_CONVERSION = YES;
				CLANG_WARN_COMMA = YES;
				CLANG_WARN_CONSTANT_CONVERSION = YES;
				CLANG_WARN_DEPRECATED_OBJC_IMPLEMENTATIONS = YES;
				CLANG_WARN_DIRECT_OBJC_ISA_USAGE = YES_ERROR;
				CLANG_WARN_DOCUMENTATION_COMMENTS = YES;
				CLANG_WARN_EMPTY_BODY = YES;
				CLANG_WARN_ENUM_CONVERSION = YES;
				CLANG_WARN_INFINITE_RECURSION = YES;
				CLANG_WARN_INT_CONVERSION = YES;
				CLANG_WARN_NON_LITERAL_NULL_CONVERSION = YES;
				CLANG_WARN_OBJC_IMPLICIT_RETAIN_SELF = YES;
				CLANG_WARN_OBJC_LITERAL_CONVERSION = YES;
				CLANG_WARN_OBJC_ROOT_CLASS = YES_ERROR;
				CLANG_WARN_QUOTED_INCLUDE_IN_FRAMEWORK_HEADER = YES;
				CLANG_WARN_RANGE_LOOP_ANALYSIS = YES;
				CLANG_WARN_STRICT_PROTOTYPES = YES;
				CLANG_WARN_SUSPICIOUS_MOVE = YES;
				CLANG_WARN_UNGUARDED_AVAILABILITY = YES_AGGRESSIVE;
				CLANG_WARN_UNREACHABLE_CODE = YES;
				CLANG_WARN__DUPLICATE_METHOD_MATCH = YES;
				COPY_PHASE_STRIP = NO;
				DEBUG_INFORMATION_FORMAT = dwarf;
				ENABLE_STRICT_OBJC_MSGSEND = YES;
				ENABLE_TESTABILITY = YES;
				GCC_C_LANGUAGE_STANDARD = gnu11;
				GCC_DYNAMIC_NO_PIC = NO;
				GCC_NO_COMMON_BLOCKS = YES;
				GCC_OPTIMIZATION_LEVEL = 0;
				GCC_PREPROCESSOR_DEFINITIONS = (
					"DEBUG=1",
					"$(inherited)",
				);
				GCC_WARN_64_TO_32_BIT_CONVERSION = YES;
				GCC_WARN_ABOUT_RETURN_TYPE = YES_ERROR;
				GCC_WARN_UNDECLARED_SELECTOR = YES;
				GCC_WARN_UNINITIALIZED_AUTOS = YES_AGGRESSIVE;
				GCC_WARN_UNUSED_FUNCTION = YES;
				GCC_WARN_UNUSED_VARIABLE = YES;
				IPHONEOS_DEPLOYMENT_TARGET = 14.0;
				MTL_ENABLE_DEBUG_INFO = INCLUDE_SOURCE;
				MTL_FAST_MATH = YES;
				ONLY_ACTIVE_ARCH = YES;
				SDKROOT = iphoneos;
				SWIFT_ACTIVE_COMPILATION_CONDITIONS = DEBUG;
				SWIFT_OPTIMIZATION_LEVEL = "-Onone";
			};
			name = Debug;
		};
		536753BF272012520009CED8 /* Release */ = {
			isa = XCBuildConfiguration;
			buildSettings = {
				ALWAYS_SEARCH_USER_PATHS = NO;
				CLANG_ANALYZER_NONNULL = YES;
				CLANG_ANALYZER_NUMBER_OBJECT_CONVERSION = YES_AGGRESSIVE;
				CLANG_CXX_LANGUAGE_STANDARD = "gnu++17";
				CLANG_CXX_LIBRARY = "libc++";
				CLANG_ENABLE_MODULES = YES;
				CLANG_ENABLE_OBJC_ARC = YES;
				CLANG_ENABLE_OBJC_WEAK = YES;
				CLANG_WARN_BLOCK_CAPTURE_AUTORELEASING = YES;
				CLANG_WARN_BOOL_CONVERSION = YES;
				CLANG_WARN_COMMA = YES;
				CLANG_WARN_CONSTANT_CONVERSION = YES;
				CLANG_WARN_DEPRECATED_OBJC_IMPLEMENTATIONS = YES;
				CLANG_WARN_DIRECT_OBJC_ISA_USAGE = YES_ERROR;
				CLANG_WARN_DOCUMENTATION_COMMENTS = YES;
				CLANG_WARN_EMPTY_BODY = YES;
				CLANG_WARN_ENUM_CONVERSION = YES;
				CLANG_WARN_INFINITE_RECURSION = YES;
				CLANG_WARN_INT_CONVERSION = YES;
				CLANG_WARN_NON_LITERAL_NULL_CONVERSION = YES;
				CLANG_WARN_OBJC_IMPLICIT_RETAIN_SELF = YES;
				CLANG_WARN_OBJC_LITERAL_CONVERSION = YES;
				CLANG_WARN_OBJC_ROOT_CLASS = YES_ERROR;
				CLANG_WARN_QUOTED_INCLUDE_IN_FRAMEWORK_HEADER = YES;
				CLANG_WARN_RANGE_LOOP_ANALYSIS = YES;
				CLANG_WARN_STRICT_PROTOTYPES = YES;
				CLANG_WARN_SUSPICIOUS_MOVE = YES;
				CLANG_WARN_UNGUARDED_AVAILABILITY = YES_AGGRESSIVE;
				CLANG_WARN_UNREACHABLE_CODE = YES;
				CLANG_WARN__DUPLICATE_METHOD_MATCH = YES;
				COPY_PHASE_STRIP = NO;
				DEBUG_INFORMATION_FORMAT = "dwarf-with-dsym";
				ENABLE_NS_ASSERTIONS = NO;
				ENABLE_STRICT_OBJC_MSGSEND = YES;
				GCC_C_LANGUAGE_STANDARD = gnu11;
				GCC_NO_COMMON_BLOCKS = YES;
				GCC_WARN_64_TO_32_BIT_CONVERSION = YES;
				GCC_WARN_ABOUT_RETURN_TYPE = YES_ERROR;
				GCC_WARN_UNDECLARED_SELECTOR = YES;
				GCC_WARN_UNINITIALIZED_AUTOS = YES_AGGRESSIVE;
				GCC_WARN_UNUSED_FUNCTION = YES;
				GCC_WARN_UNUSED_VARIABLE = YES;
				IPHONEOS_DEPLOYMENT_TARGET = 14.0;
				MTL_ENABLE_DEBUG_INFO = NO;
				MTL_FAST_MATH = YES;
				SDKROOT = iphoneos;
				SWIFT_COMPILATION_MODE = wholemodule;
				SWIFT_OPTIMIZATION_LEVEL = "-O";
				VALIDATE_PRODUCT = YES;
			};
			name = Release;
		};
		536753C1272012520009CED8 /* Debug */ = {
			isa = XCBuildConfiguration;
			buildSettings = {
				ASSETCATALOG_COMPILER_APPICON_NAME = AppIcon;
				ASSETCATALOG_COMPILER_GLOBAL_ACCENT_COLOR_NAME = AccentColor;
				CODE_SIGN_ENTITLEMENTS = DemoCitrixMam/DemoCitrixMam.entitlements;
				CODE_SIGN_STYLE = Automatic;
				CURRENT_PROJECT_VERSION = 1;
				DEVELOPMENT_ASSET_PATHS = "\"DemoCitrixMam/Preview Content\"";
				DEVELOPMENT_TEAM = V22FY27QPA;
				ENABLE_BITCODE = NO;
				ENABLE_PREVIEWS = YES;
				GENERATE_INFOPLIST_FILE = YES;
				INFOPLIST_FILE = DemoCitrixMam/Info.plist;
				INFOPLIST_KEY_UIApplicationSceneManifest_Generation = YES;
				INFOPLIST_KEY_UIApplicationSupportsIndirectInputEvents = YES;
				INFOPLIST_KEY_UILaunchScreen_Generation = YES;
				INFOPLIST_KEY_UISupportedInterfaceOrientations_iPad = "UIInterfaceOrientationPortrait UIInterfaceOrientationPortraitUpsideDown UIInterfaceOrientationLandscapeLeft UIInterfaceOrientationLandscapeRight";
				INFOPLIST_KEY_UISupportedInterfaceOrientations_iPhone = "UIInterfaceOrientationPortrait UIInterfaceOrientationLandscapeLeft UIInterfaceOrientationLandscapeRight";
				IPHONEOS_DEPLOYMENT_TARGET = 14.0;
				LD_RUNPATH_SEARCH_PATHS = (
					"$(inherited)",
					"@executable_path/Frameworks",
				);
				MARKETING_VERSION = 1.0;
				PRODUCT_BUNDLE_IDENTIFIER = ch.ragu.DemoCitrixMam;
				PRODUCT_NAME = "$(TARGET_NAME)";
				SWIFT_EMIT_LOC_STRINGS = YES;
				SWIFT_OBJC_BRIDGING_HEADER = "DemoCitrixMam/DemoCitrixMam-Bridging-Header.h";
				SWIFT_VERSION = 5.0;
				TARGETED_DEVICE_FAMILY = "1,2";
			};
			name = Debug;
		};
		536753C2272012520009CED8 /* Release */ = {
			isa = XCBuildConfiguration;
			buildSettings = {
				ASSETCATALOG_COMPILER_APPICON_NAME = AppIcon;
				ASSETCATALOG_COMPILER_GLOBAL_ACCENT_COLOR_NAME = AccentColor;
				CODE_SIGN_ENTITLEMENTS = DemoCitrixMam/DemoCitrixMam.entitlements;
				CODE_SIGN_STYLE = Automatic;
				CURRENT_PROJECT_VERSION = 1;
				DEVELOPMENT_ASSET_PATHS = "\"DemoCitrixMam/Preview Content\"";
				DEVELOPMENT_TEAM = V22FY27QPA;
				ENABLE_BITCODE = NO;
				ENABLE_PREVIEWS = YES;
				GENERATE_INFOPLIST_FILE = YES;
				INFOPLIST_FILE = DemoCitrixMam/Info.plist;
				INFOPLIST_KEY_UIApplicationSceneManifest_Generation = YES;
				INFOPLIST_KEY_UIApplicationSupportsIndirectInputEvents = YES;
				INFOPLIST_KEY_UILaunchScreen_Generation = YES;
				INFOPLIST_KEY_UISupportedInterfaceOrientations_iPad = "UIInterfaceOrientationPortrait UIInterfaceOrientationPortraitUpsideDown UIInterfaceOrientationLandscapeLeft UIInterfaceOrientationLandscapeRight";
				INFOPLIST_KEY_UISupportedInterfaceOrientations_iPhone = "UIInterfaceOrientationPortrait UIInterfaceOrientationLandscapeLeft UIInterfaceOrientationLandscapeRight";
				IPHONEOS_DEPLOYMENT_TARGET = 14.0;
				LD_RUNPATH_SEARCH_PATHS = (
					"$(inherited)",
					"@executable_path/Frameworks",
				);
				MARKETING_VERSION = 1.0;
				PRODUCT_BUNDLE_IDENTIFIER = ch.ragu.DemoCitrixMam;
				PRODUCT_NAME = "$(TARGET_NAME)";
				SWIFT_EMIT_LOC_STRINGS = YES;
				SWIFT_OBJC_BRIDGING_HEADER = "DemoCitrixMam/DemoCitrixMam-Bridging-Header.h";
				SWIFT_VERSION = 5.0;
				TARGETED_DEVICE_FAMILY = "1,2";
			};
			name = Release;
		};
/* End XCBuildConfiguration section */

/* Begin XCConfigurationList section */
		536753AD272012510009CED8 /* Build configuration list for PBXProject "DemoCitrixMam" */ = {
			isa = XCConfigurationList;
			buildConfigurations = (
				536753BE272012520009CED8 /* Debug */,
				536753BF272012520009CED8 /* Release */,
			);
			defaultConfigurationIsVisible = 0;
			defaultConfigurationName = Release;
		};
		536753C0272012520009CED8 /* Build configuration list for PBXNativeTarget "DemoCitrixMam" */ = {
			isa = XCConfigurationList;
			buildConfigurations = (
				536753C1272012520009CED8 /* Debug */,
				536753C2272012520009CED8 /* Release */,
			);
			defaultConfigurationIsVisible = 0;
			defaultConfigurationName = Release;
		};
/* End XCConfigurationList section */
	};
	rootObject = 536753AA272012510009CED8 /* Project object */;
}
